dependencies:
  esp_container:
    component_hash: d05904603539411e0d69b397634c355a75133a54e2d31a195bf96701d4c0c5a6
    dependencies:
    - name: idf
      version: ==6.1.0
    - git: https://github.com/darren-you/wasm-micro-runtime.git
      name: wasm-micro-runtime
      version: 26c235e53e29acd8b43abe7f3b524577bd4d1ae5
    source:
      git: https://github.com/esp-space/esp-container.git
      path: components/esp_container
      type: git
    version: bf52b17a26e51d35a261bf852ac0c9cde76adefc
  esp_frp:
    component_hash: 73499ebbcae0d4c2efa3fac2f3c2d11a55dbdf00bd7d9d17f9d6a491e18f86d4
    dependencies:
    - name: idf
      version: ==6.1.0
    - name: espressif/cjson
      version: ==1.7.19~2
    source:
      git: https://github.com/esp-space/esp-frp.git
      path: .
      type: git
    version: e5a6b0b5a8f6c908cddd948a3e652045022f5fb6
  esp_ota:
    component_hash: 541ad5f2fec1178a9d4bc5820e6c48cd087519a6e0a26379195de71435d3b098
    dependencies:
    - name: idf
      version: ==6.1.0
    source:
      git: https://github.com/esp-space/esp-ota.git
      path: components/esp_ota
      type: git
    version: 7f316c2a3a71dcae234b046905aee60696a357d3
  espressif/cjson:
    component_hash: e788323270d90738662d66fffa910bfe1fba019bba087f01557e70c40485b469
    dependencies:
    - name: idf
      require: private
      version: '>=5.0'
    source:
      registry_url: https://components.espressif.com/
      type: service
    version: 1.7.19~2
  idf:
    source:
      type: idf
    version: 6.1.0
  mqtt:
    component_hash: 8e2b5b0f0eca90f71936e2584192f7488d94a73a05f15a96315ca6605c3dbd39
    dependencies:
    - name: idf
      version: ==6.1.0
    source:
      git: https://github.com/esp-space/esp-mqtt.git
      path: .
      type: git
    version: 9d6d95e779f4f5ff387a6d9b54015bf4e43565f2
  wasm-micro-runtime:
    component_hash: a799be27248cadffdee6f6fae988dbdf3f5d423baab0b1008d74b8581b5ed507
    dependencies:
    - name: idf
      version: '>=4.4'
    source:
      git: https://github.com/darren-you/wasm-micro-runtime.git
      path: .
      type: git
    targets:
    - esp32
    - esp32s3
    - esp32c3
    - esp32c6
    - esp32p4
    - esp32c5
    version: 26c235e53e29acd8b43abe7f3b524577bd4d1ae5
direct_dependencies:
- esp_container
- esp_frp
- esp_ota
- espressif/cjson
- mqtt
manifest_hash: 1707fb7f2202b4fc3e7045c07a722bbf030c1d02e8ff6589e198caac96c3a9fd
target: esp32c3
version: 3.0.0
